
Microsoft Visual Studio Solution File, Format Version 12.00
# Visual Studio Express 2013 for Windows Desktop
VisualStudioVersion = 12.0.30110.0
MinimumVisualStudioVersion = 10.0.40219.1
Project("{8BC9CEB8-8B4A-11D0-8D11-00A0C91BC942}") = "練習4", "練習4.vcxproj", "{E79BCF8F-C6F3-4DE2-9621-8ECE7B53DE46}"
EndProject
Global
	GlobalSection(SolutionConfigurationPlatforms) = preSolution
		Debug|Win32 = Debug|Win32
		Release|Win32 = Release|Win32
	EndGlobalSection
	GlobalSection(ProjectConfigurationPlatforms) = postSolution
		{E79BCF8F-C6F3-4DE2-9621-8ECE7B53DE46}.Debug|Win32.ActiveCfg = Debug|Win32
		{E79BCF8F-C6F3-4DE2-9621-8ECE7B53DE46}.Debug|Win32.Build.0 = Debug|Win32
		{E79BCF8F-C6F3-4DE2-9621-8ECE7B53DE46}.Release|Win32.ActiveCfg = Release|Win32
		{E79BCF8F-C6F3-4DE2-9621-8ECE7B53DE46}.Release|Win32.Build.0 = Release|Win32
	EndGlobalSection
	GlobalSection(SolutionProperties) = preSolution
		HideSolutionNode = FALSE
	EndGlobalSection
EndGlobal
